
Microsoft Visual Studio Solution File, Format Version 12.00
# Visual Studio Version 16
VisualStudioVersion = 16.0.31205.134
MinimumVisualStudioVersion = 10.0.40219.1
Project("{8BC9CEB8-8B4A-11D0-8D11-00A0C91BC942}") = "SimpleSystemInventarization", "SimpleSystemInventarization\SimpleSystemInventarization.vcxproj", "{0D0ABC55-1E64-4405-9E3D-3EBA557894E5}"
EndProject
Project("{8BC9CEB8-8B4A-11D0-8D11-00A0C91BC942}") = "View", "View\View.vcxproj", "{625A5ACB-2372-4522-9D71-221EFD6BEBCC}"
EndProject
Global
	GlobalSection(SolutionConfigurationPlatforms) = preSolution
		Debug|x64 = Debug|x64
		Debug|x86 = Debug|x86
		Release|x64 = Release|x64
		Release|x86 = Release|x86
	EndGlobalSection
	GlobalSection(ProjectConfigurationPlatforms) = postSolution
		{0D0ABC55-1E64-4405-9E3D-3EBA557894E5}.Debug|x64.ActiveCfg = Debug|x64
		{0D0ABC55-1E64-4405-9E3D-3EBA557894E5}.Debug|x64.Build.0 = Debug|x64
		{0D0ABC55-1E64-4405-9E3D-3EBA557894E5}.Debug|x86.ActiveCfg = Debug|Win32
		{0D0ABC55-1E64-4405-9E3D-3EBA557894E5}.Debug|x86.Build.0 = Debug|Win32
		{0D0ABC55-1E64-4405-9E3D-3EBA557894E5}.Release|x64.ActiveCfg = Release|x64
		{0D0ABC55-1E64-4405-9E3D-3EBA557894E5}.Release|x64.Build.0 = Release|x64
		{0D0ABC55-1E64-4405-9E3D-3EBA557894E5}.Release|x86.ActiveCfg = Release|Win32
		{0D0ABC55-1E64-4405-9E3D-3EBA557894E5}.Release|x86.Build.0 = Release|Win32
		{625A5ACB-2372-4522-9D71-221EFD6BEBCC}.Debug|x64.ActiveCfg = Debug|x64
		{625A5ACB-2372-4522-9D71-221EFD6BEBCC}.Debug|x64.Build.0 = Debug|x64
		{625A5ACB-2372-4522-9D71-221EFD6BEBCC}.Debug|x86.ActiveCfg = Debug|x64
		{625A5ACB-2372-4522-9D71-221EFD6BEBCC}.Release|x64.ActiveCfg = Release|x64
		{625A5ACB-2372-4522-9D71-221EFD6BEBCC}.Release|x64.Build.0 = Release|x64
		{625A5ACB-2372-4522-9D71-221EFD6BEBCC}.Release|x86.ActiveCfg = Release|x64
	EndGlobalSection
	GlobalSection(SolutionProperties) = preSolution
		HideSolutionNode = FALSE
	EndGlobalSection
	GlobalSection(ExtensibilityGlobals) = postSolution
		SolutionGuid = {0FC380CE-6994-4D58-B0BA-DD16A357EEB3}
	EndGlobalSection
EndGlobal
