<?xml version="1.0" encoding="utf-8"?>
<Project ToolsVersion="4.0" xmlns="http://schemas.microsoft.com/developer/msbuild/2003">
  <ItemGroup>
    <Filter Include="Файлы ресурсов">
      <UniqueIdentifier>{67DA6AB6-F800-4c08-8B7A-83BB121AAD01}</UniqueIdentifier>
      <Extensions>rc;ico;cur;bmp;dlg;rc2;rct;bin;rgs;gif;jpg;jpeg;jpe;resx;tiff;tif;png;wav;mfcribbon-ms</Extensions>
    </Filter>
    <Filter Include="Creators">
      <UniqueIdentifier>{cf7a9e0a-9b5d-4a36-8371-2fc93da85ca2}</UniqueIdentifier>
    </Filter>
    <Filter Include="Creators\Исходные файлы">
      <UniqueIdentifier>{c71c0e0c-2f03-4433-9a16-ca32a9e06a35}</UniqueIdentifier>
    </Filter>
    <Filter Include="Creators\Файлы заголовков">
      <UniqueIdentifier>{75221204-03af-496a-9b96-7401bd4c7903}</UniqueIdentifier>
    </Filter>
    <Filter Include="Equipment">
      <UniqueIdentifier>{7001b2ed-d926-44db-b854-ee01e4270216}</UniqueIdentifier>
    </Filter>
    <Filter Include="Equipment\Исходные файлы">
      <UniqueIdentifier>{fe81be08-18dc-4122-a531-2c56def92fcf}</UniqueIdentifier>
    </Filter>
    <Filter Include="Equipment\Файлы заголовков">
      <UniqueIdentifier>{c71a754a-bee7-44ff-b0f7-9e2ed5a05542}</UniqueIdentifier>
    </Filter>
    <Filter Include="Building">
      <UniqueIdentifier>{4993a135-6a47-4604-872e-9a8e150766ac}</UniqueIdentifier>
    </Filter>
    <Filter Include="Building\Исходные файлы">
      <UniqueIdentifier>{4FC737F1-C7A5-4376-A066-2A32D752A2FF}</UniqueIdentifier>
      <Extensions>cpp;c;cc;cxx;c++;cppm;ixx;def;odl;idl;hpj;bat;asm;asmx</Extensions>
    </Filter>
    <Filter Include="Building\Файлы заголовков">
      <UniqueIdentifier>{93995380-89BD-4b04-88EB-625FBE52EBFB}</UniqueIdentifier>
      <Extensions>h;hh;hpp;hxx;h++;hm;inl;inc;ipp;xsd</Extensions>
    </Filter>
    <Filter Include="BaseObject">
      <UniqueIdentifier>{15c87489-98a2-4457-8a7f-9f6a87c6646d}</UniqueIdentifier>
    </Filter>
    <Filter Include="BaseObject\Исходные файлы">
      <UniqueIdentifier>{2595363d-2bb2-4614-9847-9b943ed40ed6}</UniqueIdentifier>
    </Filter>
    <Filter Include="BaseObject\Файлы заголовков">
      <UniqueIdentifier>{296c70ca-fddf-48f0-a5c3-c3fd82081972}</UniqueIdentifier>
    </Filter>
    <Filter Include="GetData">
      <UniqueIdentifier>{5fdd7c97-dcbb-4633-b51e-4a8cc2b99887}</UniqueIdentifier>
    </Filter>
    <Filter Include="GetData\Исходные файлы">
      <UniqueIdentifier>{450562c2-9818-471d-b1ab-2aeb52585277}</UniqueIdentifier>
    </Filter>
    <Filter Include="GetData\Файлы заголовков">
      <UniqueIdentifier>{20cc9be9-349b-4851-a9d2-6aa3bb9531b4}</UniqueIdentifier>
    </Filter>
    <Filter Include="Managers">
      <UniqueIdentifier>{270a1472-ac2b-44d9-af80-face086eb461}</UniqueIdentifier>
    </Filter>
    <Filter Include="Managers\Исходные файлы">
      <UniqueIdentifier>{1bd3a1d8-a1e0-455c-ae02-cda11a53dae9}</UniqueIdentifier>
    </Filter>
    <Filter Include="Managers\Файлы Заголовков">
      <UniqueIdentifier>{cf167431-e6b1-4c5e-ae18-e1f4885d3874}</UniqueIdentifier>
    </Filter>
  </ItemGroup>
  <ItemGroup>
    <ClCompile Include="Room.cpp">
      <Filter>Building\Исходные файлы</Filter>
    </ClCompile>
    <ClCompile Include="IITequipmentFabric.cpp">
      <Filter>Creators\Исходные файлы</Filter>
    </ClCompile>
    <ClCompile Include="GetDataEquipment.cpp">
      <Filter>GetData\Исходные файлы</Filter>
    </ClCompile>
    <ClCompile Include="Components.cpp">
      <Filter>Equipment\Исходные файлы</Filter>
    </ClCompile>
    <ClCompile Include="Item.cpp">
      <Filter>Equipment\Исходные файлы</Filter>
    </ClCompile>
    <ClCompile Include="ITequipment.cpp">
      <Filter>Equipment\Исходные файлы</Filter>
    </ClCompile>
    <ClCompile Include="ServiceInfo.cpp">
      <Filter>Equipment\Исходные файлы</Filter>
    </ClCompile>
    <ClCompile Include="BaseObject.cpp">
      <Filter>BaseObject\Исходные файлы</Filter>
    </ClCompile>
    <ClCompile Include="Building.cpp">
      <Filter>Building\Исходные файлы</Filter>
    </ClCompile>
    <ClCompile Include="DataManager.cpp">
      <Filter>Managers\Исходные файлы</Filter>
    </ClCompile>
    <ClCompile Include="Navigator.cpp">
      <Filter>Managers\Исходные файлы</Filter>
    </ClCompile>
    <ClCompile Include="Location.cpp">
      <Filter>Building\Исходные файлы</Filter>
    </ClCompile>
    <ClCompile Include="tinyxml2.cpp">
      <Filter>Managers\Исходные файлы</Filter>
    </ClCompile>
  </ItemGroup>
  <ItemGroup>
    <ClInclude Include="Room.hpp">
      <Filter>Building\Файлы заголовков</Filter>
    </ClInclude>
    <ClInclude Include="Building.hpp">
      <Filter>Building\Файлы заголовков</Filter>
    </ClInclude>
    <ClInclude Include="GetDataEquipment.hpp">
      <Filter>GetData\Файлы заголовков</Filter>
    </ClInclude>
    <ClInclude Include="IITequipmentFabric.hpp">
      <Filter>Creators\Файлы заголовков</Filter>
    </ClInclude>
    <ClInclude Include="Components.hpp">
      <Filter>Equipment\Файлы заголовков</Filter>
    </ClInclude>
    <ClInclude Include="Iinfo.hpp">
      <Filter>Equipment\Файлы заголовков</Filter>
    </ClInclude>
    <ClInclude Include="Item.hpp">
      <Filter>Equipment\Файлы заголовков</Filter>
    </ClInclude>
    <ClInclude Include="ITequipment.hpp">
      <Filter>Equipment\Файлы заголовков</Filter>
    </ClInclude>
    <ClInclude Include="ServiceInfo.hpp">
      <Filter>Equipment\Файлы заголовков</Filter>
    </ClInclude>
    <ClInclude Include="BaseObject.hpp">
      <Filter>BaseObject\Файлы заголовков</Filter>
    </ClInclude>
    <ClInclude Include="DataManager.hpp">
      <Filter>Managers\Файлы Заголовков</Filter>
    </ClInclude>
    <ClInclude Include="Location.hpp">
      <Filter>Managers\Файлы Заголовков</Filter>
    </ClInclude>
    <ClInclude Include="Navigator.hpp">
      <Filter>Managers\Файлы Заголовков</Filter>
    </ClInclude>
    <ClInclude Include="IInfoType.hpp">
      <Filter>Equipment\Файлы заголовков</Filter>
    </ClInclude>
    <ClInclude Include="Serializer.hpp">
      <Filter>Managers\Файлы Заголовков</Filter>
    </ClInclude>
    <ClInclude Include="tinyxml2.h">
      <Filter>Managers\Файлы Заголовков</Filter>
    </ClInclude>
  </ItemGroup>
</Project>