<?xml version="1.0" encoding="utf-8"?>
<Project ToolsVersion="4.0" xmlns="http://schemas.microsoft.com/developer/msbuild/2003">
  <ItemGroup>
    <Filter Include="Source Files">
      <UniqueIdentifier>{4FC737F1-C7A5-4376-A066-2A32D752A2FF}</UniqueIdentifier>
      <Extensions>cpp;c;cc;cxx;def;odl;idl;hpj;bat;asm;asmx</Extensions>
    </Filter>
    <Filter Include="Header Files">
      <UniqueIdentifier>{93995380-89BD-4b04-88EB-625FBE52EBFB}</UniqueIdentifier>
      <Extensions>h;hh;hpp;hxx;hm;inl;inc;xsd</Extensions>
    </Filter>
    <Filter Include="Resource Files">
      <UniqueIdentifier>{67DA6AB6-F800-4c08-8B7A-83BB121AAD01}</UniqueIdentifier>
      <Extensions>qrc;rc;ico;cur;bmp;dlg;rc2;rct;bin;rgs;gif;jpg;jpeg;jpe;resx;tiff;tif;png;wav;mfcribbon-ms</Extensions>
    </Filter>
    <Filter Include="Form Files">
      <UniqueIdentifier>{99349809-55BA-4b9d-BF79-8FDBB0286EB3}</UniqueIdentifier>
      <Extensions>ui</Extensions>
    </Filter>
    <Filter Include="Translation Files">
      <UniqueIdentifier>{639EADAA-A684-42e4-A9AD-28FC9BCB8F7C}</UniqueIdentifier>
      <Extensions>ts</Extensions>
    </Filter>
  </ItemGroup>
  <ItemGroup>
    <QtRcc Include="View.qrc">
      <Filter>Resource Files</Filter>
    </QtRcc>
    <QtMoc Include="View.h">
      <Filter>Header Files</Filter>
    </QtMoc>
    <ClCompile Include="View.cpp">
      <Filter>Source Files</Filter>
    </ClCompile>
  </ItemGroup>
  <ItemGroup>
    <ClCompile Include="main.cpp">
      <Filter>Source Files</Filter>
    </ClCompile>
    <ClCompile Include="CreateItemDialog.cpp">
      <Filter>Source Files</Filter>
    </ClCompile>
    <ClCompile Include="RoomViewer.cpp">
      <Filter>Source Files</Filter>
    </ClCompile>
    <ClCompile Include="PCeditDialog.cpp">
      <Filter>Source Files</Filter>
    </ClCompile>
    <ClCompile Include="MonitorEditDialog.cpp">
      <Filter>Source Files</Filter>
    </ClCompile>
    <ClCompile Include="PrinterEditDialog.cpp">
      <Filter>Source Files</Filter>
    </ClCompile>
    <ClCompile Include="OtherEditDialog.cpp">
      <Filter>Source Files</Filter>
    </ClCompile>
    <ClCompile Include="AbstractEditDialog.cpp">
      <Filter>Source Files</Filter>
    </ClCompile>
    <ClCompile Include="EditRoomDialog.cpp">
      <Filter>Source Files</Filter>
    </ClCompile>
    <ClCompile Include="DialogTransitToRoom.cpp">
      <Filter>Source Files</Filter>
    </ClCompile>
    <ClCompile Include="EditBuildingDialog.cpp">
      <Filter>Source Files</Filter>
    </ClCompile>
    <ClCompile Include="DialogTransitToBuilding.cpp">
      <Filter>Source Files</Filter>
    </ClCompile>
    <ClCompile Include="DialogServiceInfo.cpp">
      <Filter>Source Files</Filter>
    </ClCompile>
    <ClCompile Include="DialogProblemSolutionInfo.cpp">
      <Filter>Source Files</Filter>
    </ClCompile>
    <ClCompile Include="DialogFindItem.cpp">
      <Filter>Source Files</Filter>
    </ClCompile>
    <ClCompile Include="TableFoundDevices.cpp">
      <Filter>Source Files</Filter>
    </ClCompile>
  </ItemGroup>
  <ItemGroup>
    <QtUic Include="View.ui">
      <Filter>Form Files</Filter>
    </QtUic>
    <QtUic Include="CreateItemDialog.ui">
      <Filter>Form Files</Filter>
    </QtUic>
    <QtUic Include="PCeditDialog.ui">
      <Filter>Form Files</Filter>
    </QtUic>
    <QtUic Include="MonitorEditDialog.ui">
      <Filter>Form Files</Filter>
    </QtUic>
    <QtUic Include="PrinterEditDialog.ui">
      <Filter>Form Files</Filter>
    </QtUic>
    <QtUic Include="OtherEditDialog.ui">
      <Filter>Form Files</Filter>
    </QtUic>
    <QtUic Include="RoomViewer.ui">
      <Filter>Form Files</Filter>
    </QtUic>
    <QtUic Include="EditRoomDialog.ui">
      <Filter>Form Files</Filter>
    </QtUic>
    <QtUic Include="DialogTransitToRoom.ui">
      <Filter>Form Files</Filter>
    </QtUic>
    <QtUic Include="EditBuildingDialog.ui">
      <Filter>Form Files</Filter>
    </QtUic>
    <QtUic Include="DialogTransitToBuilding.ui">
      <Filter>Form Files</Filter>
    </QtUic>
    <QtUic Include="DialogServiceInfo.ui">
      <Filter>Form Files</Filter>
    </QtUic>
    <QtUic Include="DialogProblemSolutionInfo.ui">
      <Filter>Form Files</Filter>
    </QtUic>
    <QtUic Include="DialogFindItem.ui">
      <Filter>Form Files</Filter>
    </QtUic>
    <QtUic Include="TableFoundDevices.ui">
      <Filter>Form Files</Filter>
    </QtUic>
  </ItemGroup>
  <ItemGroup>
    <QtMoc Include="CreateItemDialog.hpp">
      <Filter>Header Files</Filter>
    </QtMoc>
    <QtMoc Include="RoomViewer.hpp">
      <Filter>Header Files</Filter>
    </QtMoc>
    <QtMoc Include="PCeditDialog.hpp">
      <Filter>Header Files</Filter>
    </QtMoc>
    <QtMoc Include="MonitorEditDialog.hpp">
      <Filter>Header Files</Filter>
    </QtMoc>
    <QtMoc Include="PrinterEditDialog.hpp">
      <Filter>Header Files</Filter>
    </QtMoc>
    <QtMoc Include="OtherEditDialog.hpp">
      <Filter>Header Files</Filter>
    </QtMoc>
    <QtMoc Include="AbstractEditDialog.hpp">
      <Filter>Header Files</Filter>
    </QtMoc>
    <QtMoc Include="EditRoomDialog.hpp">
      <Filter>Header Files</Filter>
    </QtMoc>
    <QtMoc Include="EditBuildingDialog.hpp">
      <Filter>Header Files</Filter>
    </QtMoc>
    <QtMoc Include="TableFoundDevices.hpp">
      <Filter>Header Files</Filter>
    </QtMoc>
  </ItemGroup>
  <ItemGroup>
    <ClInclude Include="IItemCreatable.hpp">
      <Filter>Header Files</Filter>
    </ClInclude>
    <ClInclude Include="DialogTransitToRoom.hpp">
      <Filter>Header Files</Filter>
    </ClInclude>
    <ClInclude Include="DialogTransitToBuilding.hpp">
      <Filter>Header Files</Filter>
    </ClInclude>
    <ClInclude Include="DialogServiceInfo.hpp">
      <Filter>Header Files</Filter>
    </ClInclude>
    <ClInclude Include="DialogProblemSolutionInfo.hpp">
      <Filter>Header Files</Filter>
    </ClInclude>
    <ClInclude Include="DialogFindItem.hpp">
      <Filter>Header Files</Filter>
    </ClInclude>
  </ItemGroup>
</Project>